
Microsoft Visual Studio Solution File, Format Version 11.00
# Visual Studio 2010
Project("{8BC9CEB8-8B4A-11D0-8D11-00A0C91BC942}") = "CompilerFrontPart", "CompilerFrontPart\CompilerFrontPart.vcxproj", "{077E6C39-DB2B-49A4-8A9C-8CB45E9B9DB4}"
EndProject
Project("{8BC9CEB8-8B4A-11D0-8D11-00A0C91BC942}") = "CodeHightLight", "CodeHightLight\CodeHightLight.vcxproj", "{79D878F2-70CE-47DB-A6FF-D1CF56C6600B}"
EndProject
Project("{8BC9CEB8-8B4A-11D0-8D11-00A0C91BC942}") = "LinkedListAnimationPlugin", "LinkedlistAnimationPlugin\ArrayAnimationPlugin.vcxproj", "{60162442-1A1E-44B2-AA20-55E5F219E9D8}"
EndProject
Project("{8BC9CEB8-8B4A-11D0-8D11-00A0C91BC942}") = "TwoDimensionArrayAnimationPlugin", "TwoDimensionArrayAnimationPlugin\TwoDimensionArrayAnimationPlugin.vcxproj", "{31D3047E-0476-4B80-A138-D9DF73C9F924}"
EndProject
Project("{8BC9CEB8-8B4A-11D0-8D11-00A0C91BC942}") = "ArrayAnimationPlugin", "ArrayAnimationPlugin\LinkedlistAnimationPlugin.vcxproj", "{51EAA5F7-D370-42F8-A515-F5188FC7BA52}"
EndProject
Project("{8BC9CEB8-8B4A-11D0-8D11-00A0C91BC942}") = "HanoiAnimationPlugin", "HanoiAnimationPlugin\HanoiAnimationPlugin.vcxproj", "{CCD01856-0147-4FDB-AA65-9EDE10C6382F}"
EndProject
Project("{FAE04EC0-301F-11D3-BF4B-00C04F79EFBC}") = "UltraDemoInterface", "UltraDemoInterface\UltraDemoInterface.csproj", "{EA2DA8F3-EC72-4EA3-A72D-D3DFF2FFA04D}"
EndProject
Project("{FAE04EC0-301F-11D3-BF4B-00C04F79EFBC}") = "NewArrayAnimationPlugin", "NewArrayAnimationPlugin\NewArrayAnimationPlugin.csproj", "{B1062EA0-BF01-43F9-97DB-D64A08DDA83C}"
EndProject
Global
	GlobalSection(SolutionConfigurationPlatforms) = preSolution
		Debug|Any CPU = Debug|Any CPU
		Debug|Mixed Platforms = Debug|Mixed Platforms
		Debug|Win32 = Debug|Win32
		Debug|x86 = Debug|x86
		Release|Any CPU = Release|Any CPU
		Release|Mixed Platforms = Release|Mixed Platforms
		Release|Win32 = Release|Win32
		Release|x86 = Release|x86
	EndGlobalSection
	GlobalSection(ProjectConfigurationPlatforms) = postSolution
		{077E6C39-DB2B-49A4-8A9C-8CB45E9B9DB4}.Debug|Any CPU.ActiveCfg = Debug|Win32
		{077E6C39-DB2B-49A4-8A9C-8CB45E9B9DB4}.Debug|Mixed Platforms.ActiveCfg = Debug|Win32
		{077E6C39-DB2B-49A4-8A9C-8CB45E9B9DB4}.Debug|Mixed Platforms.Build.0 = Debug|Win32
		{077E6C39-DB2B-49A4-8A9C-8CB45E9B9DB4}.Debug|Win32.ActiveCfg = Debug|Win32
		{077E6C39-DB2B-49A4-8A9C-8CB45E9B9DB4}.Debug|x86.ActiveCfg = Debug|Win32
		{077E6C39-DB2B-49A4-8A9C-8CB45E9B9DB4}.Release|Any CPU.ActiveCfg = Release|Win32
		{077E6C39-DB2B-49A4-8A9C-8CB45E9B9DB4}.Release|Mixed Platforms.ActiveCfg = Release|Win32
		{077E6C39-DB2B-49A4-8A9C-8CB45E9B9DB4}.Release|Mixed Platforms.Build.0 = Release|Win32
		{077E6C39-DB2B-49A4-8A9C-8CB45E9B9DB4}.Release|Win32.ActiveCfg = Release|Win32
		{077E6C39-DB2B-49A4-8A9C-8CB45E9B9DB4}.Release|x86.ActiveCfg = Release|Win32
		{79D878F2-70CE-47DB-A6FF-D1CF56C6600B}.Debug|Any CPU.ActiveCfg = Debug|Win32
		{79D878F2-70CE-47DB-A6FF-D1CF56C6600B}.Debug|Mixed Platforms.ActiveCfg = Debug|Win32
		{79D878F2-70CE-47DB-A6FF-D1CF56C6600B}.Debug|Mixed Platforms.Build.0 = Debug|Win32
		{79D878F2-70CE-47DB-A6FF-D1CF56C6600B}.Debug|Win32.ActiveCfg = Debug|Win32
		{79D878F2-70CE-47DB-A6FF-D1CF56C6600B}.Debug|Win32.Build.0 = Debug|Win32
		{79D878F2-70CE-47DB-A6FF-D1CF56C6600B}.Debug|x86.ActiveCfg = Debug|Win32
		{79D878F2-70CE-47DB-A6FF-D1CF56C6600B}.Release|Any CPU.ActiveCfg = Release|Win32
		{79D878F2-70CE-47DB-A6FF-D1CF56C6600B}.Release|Mixed Platforms.ActiveCfg = Release|Win32
		{79D878F2-70CE-47DB-A6FF-D1CF56C6600B}.Release|Mixed Platforms.Build.0 = Release|Win32
		{79D878F2-70CE-47DB-A6FF-D1CF56C6600B}.Release|Win32.ActiveCfg = Release|Win32
		{79D878F2-70CE-47DB-A6FF-D1CF56C6600B}.Release|Win32.Build.0 = Release|Win32
		{79D878F2-70CE-47DB-A6FF-D1CF56C6600B}.Release|x86.ActiveCfg = Release|Win32
		{60162442-1A1E-44B2-AA20-55E5F219E9D8}.Debug|Any CPU.ActiveCfg = Debug|Win32
		{60162442-1A1E-44B2-AA20-55E5F219E9D8}.Debug|Mixed Platforms.ActiveCfg = Debug|Win32
		{60162442-1A1E-44B2-AA20-55E5F219E9D8}.Debug|Mixed Platforms.Build.0 = Debug|Win32
		{60162442-1A1E-44B2-AA20-55E5F219E9D8}.Debug|Win32.ActiveCfg = Debug|Win32
		{60162442-1A1E-44B2-AA20-55E5F219E9D8}.Debug|Win32.Build.0 = Debug|Win32
		{60162442-1A1E-44B2-AA20-55E5F219E9D8}.Debug|x86.ActiveCfg = Debug|Win32
		{60162442-1A1E-44B2-AA20-55E5F219E9D8}.Release|Any CPU.ActiveCfg = Release|Win32
		{60162442-1A1E-44B2-AA20-55E5F219E9D8}.Release|Mixed Platforms.ActiveCfg = Release|Win32
		{60162442-1A1E-44B2-AA20-55E5F219E9D8}.Release|Mixed Platforms.Build.0 = Release|Win32
		{60162442-1A1E-44B2-AA20-55E5F219E9D8}.Release|Win32.ActiveCfg = Release|Win32
		{60162442-1A1E-44B2-AA20-55E5F219E9D8}.Release|Win32.Build.0 = Release|Win32
		{60162442-1A1E-44B2-AA20-55E5F219E9D8}.Release|x86.ActiveCfg = Release|Win32
		{31D3047E-0476-4B80-A138-D9DF73C9F924}.Debug|Any CPU.ActiveCfg = Debug|Win32
		{31D3047E-0476-4B80-A138-D9DF73C9F924}.Debug|Mixed Platforms.ActiveCfg = Debug|Win32
		{31D3047E-0476-4B80-A138-D9DF73C9F924}.Debug|Mixed Platforms.Build.0 = Debug|Win32
		{31D3047E-0476-4B80-A138-D9DF73C9F924}.Debug|Win32.ActiveCfg = Debug|Win32
		{31D3047E-0476-4B80-A138-D9DF73C9F924}.Debug|Win32.Build.0 = Debug|Win32
		{31D3047E-0476-4B80-A138-D9DF73C9F924}.Debug|x86.ActiveCfg = Debug|Win32
		{31D3047E-0476-4B80-A138-D9DF73C9F924}.Release|Any CPU.ActiveCfg = Release|Win32
		{31D3047E-0476-4B80-A138-D9DF73C9F924}.Release|Mixed Platforms.ActiveCfg = Release|Win32
		{31D3047E-0476-4B80-A138-D9DF73C9F924}.Release|Mixed Platforms.Build.0 = Release|Win32
		{31D3047E-0476-4B80-A138-D9DF73C9F924}.Release|Win32.ActiveCfg = Release|Win32
		{31D3047E-0476-4B80-A138-D9DF73C9F924}.Release|Win32.Build.0 = Release|Win32
		{31D3047E-0476-4B80-A138-D9DF73C9F924}.Release|x86.ActiveCfg = Release|Win32
		{51EAA5F7-D370-42F8-A515-F5188FC7BA52}.Debug|Any CPU.ActiveCfg = Debug|Win32
		{51EAA5F7-D370-42F8-A515-F5188FC7BA52}.Debug|Mixed Platforms.ActiveCfg = Debug|Win32
		{51EAA5F7-D370-42F8-A515-F5188FC7BA52}.Debug|Mixed Platforms.Build.0 = Debug|Win32
		{51EAA5F7-D370-42F8-A515-F5188FC7BA52}.Debug|Win32.ActiveCfg = Debug|Win32
		{51EAA5F7-D370-42F8-A515-F5188FC7BA52}.Debug|Win32.Build.0 = Debug|Win32
		{51EAA5F7-D370-42F8-A515-F5188FC7BA52}.Debug|x86.ActiveCfg = Debug|Win32
		{51EAA5F7-D370-42F8-A515-F5188FC7BA52}.Release|Any CPU.ActiveCfg = Release|Win32
		{51EAA5F7-D370-42F8-A515-F5188FC7BA52}.Release|Mixed Platforms.ActiveCfg = Release|Win32
		{51EAA5F7-D370-42F8-A515-F5188FC7BA52}.Release|Mixed Platforms.Build.0 = Release|Win32
		{51EAA5F7-D370-42F8-A515-F5188FC7BA52}.Release|Win32.ActiveCfg = Release|Win32
		{51EAA5F7-D370-42F8-A515-F5188FC7BA52}.Release|Win32.Build.0 = Release|Win32
		{51EAA5F7-D370-42F8-A515-F5188FC7BA52}.Release|x86.ActiveCfg = Release|Win32
		{CCD01856-0147-4FDB-AA65-9EDE10C6382F}.Debug|Any CPU.ActiveCfg = Debug|Win32
		{CCD01856-0147-4FDB-AA65-9EDE10C6382F}.Debug|Mixed Platforms.ActiveCfg = Debug|Win32
		{CCD01856-0147-4FDB-AA65-9EDE10C6382F}.Debug|Mixed Platforms.Build.0 = Debug|Win32
		{CCD01856-0147-4FDB-AA65-9EDE10C6382F}.Debug|Win32.ActiveCfg = Debug|Win32
		{CCD01856-0147-4FDB-AA65-9EDE10C6382F}.Debug|Win32.Build.0 = Debug|Win32
		{CCD01856-0147-4FDB-AA65-9EDE10C6382F}.Debug|x86.ActiveCfg = Debug|Win32
		{CCD01856-0147-4FDB-AA65-9EDE10C6382F}.Release|Any CPU.ActiveCfg = Release|Win32
		{CCD01856-0147-4FDB-AA65-9EDE10C6382F}.Release|Mixed Platforms.ActiveCfg = Release|Win32
		{CCD01856-0147-4FDB-AA65-9EDE10C6382F}.Release|Mixed Platforms.Build.0 = Release|Win32
		{CCD01856-0147-4FDB-AA65-9EDE10C6382F}.Release|Win32.ActiveCfg = Release|Win32
		{CCD01856-0147-4FDB-AA65-9EDE10C6382F}.Release|Win32.Build.0 = Release|Win32
		{CCD01856-0147-4FDB-AA65-9EDE10C6382F}.Release|x86.ActiveCfg = Release|Win32
		{EA2DA8F3-EC72-4EA3-A72D-D3DFF2FFA04D}.Debug|Any CPU.ActiveCfg = Debug|x86
		{EA2DA8F3-EC72-4EA3-A72D-D3DFF2FFA04D}.Debug|Mixed Platforms.ActiveCfg = Debug|x86
		{EA2DA8F3-EC72-4EA3-A72D-D3DFF2FFA04D}.Debug|Mixed Platforms.Build.0 = Debug|x86
		{EA2DA8F3-EC72-4EA3-A72D-D3DFF2FFA04D}.Debug|Win32.ActiveCfg = Debug|x86
		{EA2DA8F3-EC72-4EA3-A72D-D3DFF2FFA04D}.Debug|x86.ActiveCfg = Debug|x86
		{EA2DA8F3-EC72-4EA3-A72D-D3DFF2FFA04D}.Debug|x86.Build.0 = Debug|x86
		{EA2DA8F3-EC72-4EA3-A72D-D3DFF2FFA04D}.Release|Any CPU.ActiveCfg = Release|x86
		{EA2DA8F3-EC72-4EA3-A72D-D3DFF2FFA04D}.Release|Mixed Platforms.ActiveCfg = Release|x86
		{EA2DA8F3-EC72-4EA3-A72D-D3DFF2FFA04D}.Release|Mixed Platforms.Build.0 = Release|x86
		{EA2DA8F3-EC72-4EA3-A72D-D3DFF2FFA04D}.Release|Win32.ActiveCfg = Release|x86
		{EA2DA8F3-EC72-4EA3-A72D-D3DFF2FFA04D}.Release|x86.ActiveCfg = Release|x86
		{EA2DA8F3-EC72-4EA3-A72D-D3DFF2FFA04D}.Release|x86.Build.0 = Release|x86
		{B1062EA0-BF01-43F9-97DB-D64A08DDA83C}.Debug|Any CPU.ActiveCfg = Debug|Any CPU
		{B1062EA0-BF01-43F9-97DB-D64A08DDA83C}.Debug|Any CPU.Build.0 = Debug|Any CPU
		{B1062EA0-BF01-43F9-97DB-D64A08DDA83C}.Debug|Mixed Platforms.ActiveCfg = Debug|Any CPU
		{B1062EA0-BF01-43F9-97DB-D64A08DDA83C}.Debug|Mixed Platforms.Build.0 = Debug|Any CPU
		{B1062EA0-BF01-43F9-97DB-D64A08DDA83C}.Debug|Win32.ActiveCfg = Debug|Any CPU
		{B1062EA0-BF01-43F9-97DB-D64A08DDA83C}.Debug|x86.ActiveCfg = Debug|Any CPU
		{B1062EA0-BF01-43F9-97DB-D64A08DDA83C}.Release|Any CPU.ActiveCfg = Release|Any CPU
		{B1062EA0-BF01-43F9-97DB-D64A08DDA83C}.Release|Any CPU.Build.0 = Release|Any CPU
		{B1062EA0-BF01-43F9-97DB-D64A08DDA83C}.Release|Mixed Platforms.ActiveCfg = Release|Any CPU
		{B1062EA0-BF01-43F9-97DB-D64A08DDA83C}.Release|Mixed Platforms.Build.0 = Release|Any CPU
		{B1062EA0-BF01-43F9-97DB-D64A08DDA83C}.Release|Win32.ActiveCfg = Release|Any CPU
		{B1062EA0-BF01-43F9-97DB-D64A08DDA83C}.Release|x86.ActiveCfg = Release|Any CPU
	EndGlobalSection
	GlobalSection(SolutionProperties) = preSolution
		HideSolutionNode = FALSE
	EndGlobalSection
	GlobalSection(SubversionScc) = preSolution
		Svn-Managed = True
		Manager = AnkhSVN - Subversion Support for Visual Studio
	EndGlobalSection
EndGlobal
