<?xml version="1.0" encoding="utf-8"?>
<Project ToolsVersion="4.0" xmlns="http://schemas.microsoft.com/developer/msbuild/2003">
  <ItemGroup>
    <Filter Include="源文件">
      <UniqueIdentifier>{4FC737F1-C7A5-4376-A066-2A32D752A2FF}</UniqueIdentifier>
      <Extensions>cpp;c;cc;cxx;def;odl;idl;hpj;bat;asm;asmx</Extensions>
    </Filter>
    <Filter Include="头文件">
      <UniqueIdentifier>{93995380-89BD-4b04-88EB-625FBE52EBFB}</UniqueIdentifier>
      <Extensions>h;hpp;hxx;hm;inl;inc;xsd</Extensions>
    </Filter>
    <Filter Include="资源文件">
      <UniqueIdentifier>{67DA6AB6-F800-4c08-8B7A-83BB121AAD01}</UniqueIdentifier>
      <Extensions>rc;ico;cur;bmp;dlg;rc2;rct;bin;rgs;gif;jpg;jpeg;jpe;resx;tiff;tif;png;wav;mfcribbon-ms</Extensions>
    </Filter>
    <Filter Include="Main">
      <UniqueIdentifier>{910f8c33-6e9b-435b-a63e-293e657df1e2}</UniqueIdentifier>
    </Filter>
  </ItemGroup>
  <ItemGroup>
    <None Include="ReadMe.txt" />
    <None Include="ArrayAnimationPlugin.def">
      <Filter>源文件</Filter>
    </None>
    <None Include="res\ArrayAnimationPlugin.rc2">
      <Filter>资源文件</Filter>
    </None>
  </ItemGroup>
  <ItemGroup>
    <ClCompile Include="ArrayAnimationPlugin.cpp">
      <Filter>源文件</Filter>
    </ClCompile>
    <ClCompile Include="stdafx.cpp">
      <Filter>源文件</Filter>
    </ClCompile>
    <ClCompile Include="..\UIBase\Base\AnimationFactory.cpp">
      <Filter>Main</Filter>
    </ClCompile>
    <ClCompile Include="..\UIBase\Special\ArrayContainer.cpp">
      <Filter>Main</Filter>
    </ClCompile>
    <ClCompile Include="..\UIBase\Special\ArrayElement.cpp">
      <Filter>Main</Filter>
    </ClCompile>
    <ClCompile Include="..\UIBase\Base\Base.cpp">
      <Filter>Main</Filter>
    </ClCompile>
    <ClCompile Include="..\UIBase\Base\ObjectBase.cpp">
      <Filter>Main</Filter>
    </ClCompile>
    <ClCompile Include="ArrayAnimationFactory.cpp">
      <Filter>源文件</Filter>
    </ClCompile>
  </ItemGroup>
  <ItemGroup>
    <ClInclude Include="ArrayAnimationPlugin.h">
      <Filter>头文件</Filter>
    </ClInclude>
    <ClInclude Include="stdafx.h">
      <Filter>头文件</Filter>
    </ClInclude>
    <ClInclude Include="targetver.h">
      <Filter>头文件</Filter>
    </ClInclude>
    <ClInclude Include="Resource.h">
      <Filter>头文件</Filter>
    </ClInclude>
    <ClInclude Include="..\UIBase\Base\AnimationFactory.h">
      <Filter>Main</Filter>
    </ClInclude>
    <ClInclude Include="..\UIBase\Special\ArrayContainer.h">
      <Filter>Main</Filter>
    </ClInclude>
    <ClInclude Include="..\UIBase\Special\ArrayElement.h">
      <Filter>Main</Filter>
    </ClInclude>
    <ClInclude Include="..\UIBase\Base\Base.h">
      <Filter>Main</Filter>
    </ClInclude>
    <ClInclude Include="..\UIBase\Base\Def.h">
      <Filter>Main</Filter>
    </ClInclude>
    <ClInclude Include="..\UIBase\Base\EventListener.h">
      <Filter>Main</Filter>
    </ClInclude>
    <ClInclude Include="..\UIBase\Base\FSMThread.h">
      <Filter>Main</Filter>
    </ClInclude>
    <ClInclude Include="..\UIBase\Base\MacroDef.h">
      <Filter>Main</Filter>
    </ClInclude>
    <ClInclude Include="..\UIBase\Base\MessageDefinition.h">
      <Filter>Main</Filter>
    </ClInclude>
    <ClInclude Include="..\UIBase\Base\ObjectBase.h">
      <Filter>Main</Filter>
    </ClInclude>
    <ClInclude Include="..\UIBase\Base\Observer.h">
      <Filter>Main</Filter>
    </ClInclude>
    <ClInclude Include="..\UIBase\Base\TClassFactory.h">
      <Filter>Main</Filter>
    </ClInclude>
    <ClInclude Include="ArrayAnimationFactory.h">
      <Filter>头文件</Filter>
    </ClInclude>
  </ItemGroup>
  <ItemGroup>
    <ResourceCompile Include="ArrayAnimationPlugin.rc">
      <Filter>资源文件</Filter>
    </ResourceCompile>
  </ItemGroup>
</Project>